// !$*UTF8*$!
{
	archiveVersion = 1;
	classes = {
	};
	objectVersion = 50;
	objects = {

/* Begin PBXBuildFile section */
		5423279925138A4F00E9E691 /* MenuView.swift in Sources */ = {isa = PBXBuildFile; fileRef = 5423279825138A4F00E9E691 /* MenuView.swift */; };
		5423279E25138B7D00E9E691 /* MenuViewController.swift in Sources */ = {isa = PBXBuildFile; fileRef = 5423279D25138B7D00E9E691 /* MenuViewController.swift */; };
		545F80802514FCE3006B209A /* MenuButtonAnimation.swift in Sources */ = {isa = PBXBuildFile; fileRef = 545F807F2514FCE3006B209A /* MenuButtonAnimation.swift */; };
		6E415AC32514ED8800542A38 /* BoardCollectionViewCell.swift in Sources */ = {isa = PBXBuildFile; fileRef = 6E415AC22514ED8800542A38 /* BoardCollectionViewCell.swift */; };
		6E415AC82518DA0A00542A38 /* StoreTableViewCell.swift in Sources */ = {isa = PBXBuildFile; fileRef = 6E415AC72518DA0A00542A38 /* StoreTableViewCell.swift */; };
		6E415B0B2519679F00542A38 /* ShapeCollectionViewCell.swift in Sources */ = {isa = PBXBuildFile; fileRef = 6E415B0A2519679F00542A38 /* ShapeCollectionViewCell.swift */; };
		6E415B1325196A6100542A38 /* Shape.swift in Sources */ = {isa = PBXBuildFile; fileRef = 6E415B1225196A6100542A38 /* Shape.swift */; };
		6E415B18251971A100542A38 /* Shapes.swift in Sources */ = {isa = PBXBuildFile; fileRef = 6E415B17251971A100542A38 /* Shapes.swift */; };
		6E4FC0F0251391F900621BD1 /* Pallettes.swift in Sources */ = {isa = PBXBuildFile; fileRef = 6E4FC0EF251391F900621BD1 /* Pallettes.swift */; };
		6E4FC0FD2513980C00621BD1 /* StoreView.swift in Sources */ = {isa = PBXBuildFile; fileRef = 6E4FC0FC2513980C00621BD1 /* StoreView.swift */; };
		6E4FC1022513982400621BD1 /* StoreViewController.swift in Sources */ = {isa = PBXBuildFile; fileRef = 6E4FC1012513982400621BD1 /* StoreViewController.swift */; };
		6EC94FDF251385EC003FED4B /* ColorPallette.swift in Sources */ = {isa = PBXBuildFile; fileRef = 6EC94FDE251385EC003FED4B /* ColorPallette.swift */; };
		6EC94FE42513861A003FED4B /* EnumColorType.swift in Sources */ = {isa = PBXBuildFile; fileRef = 6EC94FE32513861A003FED4B /* EnumColorType.swift */; };
		A24010922518DE10004D80C3 /* EnumCircleAnimation.swift in Sources */ = {isa = PBXBuildFile; fileRef = A24010912518DE10004D80C3 /* EnumCircleAnimation.swift */; };
		A25692BB2514F49200BEBAEB /* AnimatedCircleView.swift in Sources */ = {isa = PBXBuildFile; fileRef = A25692BA2514F49200BEBAEB /* AnimatedCircleView.swift */; };
		A27F17E0251244D300DC1ADE /* AppDelegate.swift in Sources */ = {isa = PBXBuildFile; fileRef = A27F17DF251244D300DC1ADE /* AppDelegate.swift */; };
		A27F17E2251244D300DC1ADE /* SceneDelegate.swift in Sources */ = {isa = PBXBuildFile; fileRef = A27F17E1251244D300DC1ADE /* SceneDelegate.swift */; };
		A27F17E4251244D300DC1ADE /* ViewController.swift in Sources */ = {isa = PBXBuildFile; fileRef = A27F17E3251244D300DC1ADE /* ViewController.swift */; };
		A27F17E9251244D600DC1ADE /* Assets.xcassets in Resources */ = {isa = PBXBuildFile; fileRef = A27F17E8251244D600DC1ADE /* Assets.xcassets */; };
		A27F17EC251244D600DC1ADE /* LaunchScreen.storyboard in Resources */ = {isa = PBXBuildFile; fileRef = A27F17EA251244D600DC1ADE /* LaunchScreen.storyboard */; };
		A27F17F7251244D600DC1ADE /* aquiTemUmNomeTests.swift in Sources */ = {isa = PBXBuildFile; fileRef = A27F17F6251244D600DC1ADE /* aquiTemUmNomeTests.swift */; };
		A27F1802251244D600DC1ADE /* aquiTemUmNomeUITests.swift in Sources */ = {isa = PBXBuildFile; fileRef = A27F1801251244D600DC1ADE /* aquiTemUmNomeUITests.swift */; };
		A27F1812251247FE00DC1ADE /* VIew.swift in Sources */ = {isa = PBXBuildFile; fileRef = A27F1811251247FE00DC1ADE /* VIew.swift */; };
		A27F18162512499F00DC1ADE /* ModelTest.swift in Sources */ = {isa = PBXBuildFile; fileRef = A27F18152512499F00DC1ADE /* ModelTest.swift */; };
		A27F1819251249DD00DC1ADE /* ProtocolTest.swift in Sources */ = {isa = PBXBuildFile; fileRef = A27F1818251249DD00DC1ADE /* ProtocolTest.swift */; };
		A27F181C25124A0700DC1ADE /* AnimationTest.swift in Sources */ = {isa = PBXBuildFile; fileRef = A27F181B25124A0700DC1ADE /* AnimationTest.swift */; };
		A27F181F25124A3500DC1ADE /* EnumTest.swift in Sources */ = {isa = PBXBuildFile; fileRef = A27F181E25124A3500DC1ADE /* EnumTest.swift */; };
		A296C08B25138B1B005CC48E /* RoundedButton.swift in Sources */ = {isa = PBXBuildFile; fileRef = A296C08A25138B1B005CC48E /* RoundedButton.swift */; };
		A296C0B72513AC0E005CC48E /* ModalView.swift in Sources */ = {isa = PBXBuildFile; fileRef = A296C0B62513AC0E005CC48E /* ModalView.swift */; };
		A2C34EC5251A303C002B73AB /* BoardManager.swift in Sources */ = {isa = PBXBuildFile; fileRef = A2C34EC4251A303C002B73AB /* BoardManager.swift */; };
		A2C34ECA251A39DD002B73AB /* EnumObstacle.swift in Sources */ = {isa = PBXBuildFile; fileRef = A2C34EC9251A39DD002B73AB /* EnumObstacle.swift */; };
		A2C34ECF251A3E05002B73AB /* EnumDifficulty.swift in Sources */ = {isa = PBXBuildFile; fileRef = A2C34ECE251A3E05002B73AB /* EnumDifficulty.swift */; };
		D710261525138A71001B1199 /* GameScreenView.swift in Sources */ = {isa = PBXBuildFile; fileRef = D710261425138A71001B1199 /* GameScreenView.swift */; };
		D710261E25138ADA001B1199 /* GameScreenViewController.swift in Sources */ = {isa = PBXBuildFile; fileRef = D710261D25138ADA001B1199 /* GameScreenViewController.swift */; };
		D77072B92513999300619421 /* CharacterView.swift in Sources */ = {isa = PBXBuildFile; fileRef = D77072B82513999300619421 /* CharacterView.swift */; };
		D77072BE2513A29C00619421 /* ObstacleView.swift in Sources */ = {isa = PBXBuildFile; fileRef = D77072BD2513A29C00619421 /* ObstacleView.swift */; };
		D77072C82514D6B900619421 /* ScoreView.swift in Sources */ = {isa = PBXBuildFile; fileRef = D77072C72514D6B900619421 /* ScoreView.swift */; };
		D77072D02514D6D400619421 /* PauseView.swift in Sources */ = {isa = PBXBuildFile; fileRef = D77072CF2514D6D400619421 /* PauseView.swift */; };
		D7CC15842518DA9100885807 /* PauseViewController.swift in Sources */ = {isa = PBXBuildFile; fileRef = D7CC15832518DA9100885807 /* PauseViewController.swift */; };
/* End PBXBuildFile section */

/* Begin PBXContainerItemProxy section */
		A27F17F3251244D600DC1ADE /* PBXContainerItemProxy */ = {
			isa = PBXContainerItemProxy;
			containerPortal = A27F17D4251244D300DC1ADE /* Project object */;
			proxyType = 1;
			remoteGlobalIDString = A27F17DB251244D300DC1ADE;
			remoteInfo = aquiTemUmNome;
		};
		A27F17FE251244D600DC1ADE /* PBXContainerItemProxy */ = {
			isa = PBXContainerItemProxy;
			containerPortal = A27F17D4251244D300DC1ADE /* Project object */;
			proxyType = 1;
			remoteGlobalIDString = A27F17DB251244D300DC1ADE;
			remoteInfo = aquiTemUmNome;
		};
/* End PBXContainerItemProxy section */

/* Begin PBXFileReference section */
		5423279825138A4F00E9E691 /* MenuView.swift */ = {isa = PBXFileReference; lastKnownFileType = sourcecode.swift; path = MenuView.swift; sourceTree = "<group>"; };
		5423279D25138B7D00E9E691 /* MenuViewController.swift */ = {isa = PBXFileReference; lastKnownFileType = sourcecode.swift; path = MenuViewController.swift; sourceTree = "<group>"; };
		545F807F2514FCE3006B209A /* MenuButtonAnimation.swift */ = {isa = PBXFileReference; lastKnownFileType = sourcecode.swift; path = MenuButtonAnimation.swift; sourceTree = "<group>"; };
		6E415AC22514ED8800542A38 /* BoardCollectionViewCell.swift */ = {isa = PBXFileReference; lastKnownFileType = sourcecode.swift; path = BoardCollectionViewCell.swift; sourceTree = "<group>"; };
		6E415AC72518DA0A00542A38 /* StoreTableViewCell.swift */ = {isa = PBXFileReference; lastKnownFileType = sourcecode.swift; path = StoreTableViewCell.swift; sourceTree = "<group>"; };
		6E415B0A2519679F00542A38 /* ShapeCollectionViewCell.swift */ = {isa = PBXFileReference; lastKnownFileType = sourcecode.swift; path = ShapeCollectionViewCell.swift; sourceTree = "<group>"; };
		6E415B1225196A6100542A38 /* Shape.swift */ = {isa = PBXFileReference; lastKnownFileType = sourcecode.swift; path = Shape.swift; sourceTree = "<group>"; };
		6E415B17251971A100542A38 /* Shapes.swift */ = {isa = PBXFileReference; lastKnownFileType = sourcecode.swift; path = Shapes.swift; sourceTree = "<group>"; };
		6E4FC0EF251391F900621BD1 /* Pallettes.swift */ = {isa = PBXFileReference; lastKnownFileType = sourcecode.swift; path = Pallettes.swift; sourceTree = "<group>"; };
		6E4FC0FC2513980C00621BD1 /* StoreView.swift */ = {isa = PBXFileReference; lastKnownFileType = sourcecode.swift; path = StoreView.swift; sourceTree = "<group>"; };
		6E4FC1012513982400621BD1 /* StoreViewController.swift */ = {isa = PBXFileReference; lastKnownFileType = sourcecode.swift; path = StoreViewController.swift; sourceTree = "<group>"; };
		6EC94FDE251385EC003FED4B /* ColorPallette.swift */ = {isa = PBXFileReference; lastKnownFileType = sourcecode.swift; path = ColorPallette.swift; sourceTree = "<group>"; };
		6EC94FE32513861A003FED4B /* EnumColorType.swift */ = {isa = PBXFileReference; lastKnownFileType = sourcecode.swift; path = EnumColorType.swift; sourceTree = "<group>"; };
		A24010912518DE10004D80C3 /* EnumCircleAnimation.swift */ = {isa = PBXFileReference; lastKnownFileType = sourcecode.swift; path = EnumCircleAnimation.swift; sourceTree = "<group>"; };
		A25692BA2514F49200BEBAEB /* AnimatedCircleView.swift */ = {isa = PBXFileReference; lastKnownFileType = sourcecode.swift; path = AnimatedCircleView.swift; sourceTree = "<group>"; };
		A27F17DC251244D300DC1ADE /* aquiTemUmNome.app */ = {isa = PBXFileReference; explicitFileType = wrapper.application; includeInIndex = 0; path = aquiTemUmNome.app; sourceTree = BUILT_PRODUCTS_DIR; };
		A27F17DF251244D300DC1ADE /* AppDelegate.swift */ = {isa = PBXFileReference; lastKnownFileType = sourcecode.swift; path = AppDelegate.swift; sourceTree = "<group>"; };
		A27F17E1251244D300DC1ADE /* SceneDelegate.swift */ = {isa = PBXFileReference; lastKnownFileType = sourcecode.swift; path = SceneDelegate.swift; sourceTree = "<group>"; };
		A27F17E3251244D300DC1ADE /* ViewController.swift */ = {isa = PBXFileReference; lastKnownFileType = sourcecode.swift; path = ViewController.swift; sourceTree = "<group>"; };
		A27F17E8251244D600DC1ADE /* Assets.xcassets */ = {isa = PBXFileReference; lastKnownFileType = folder.assetcatalog; path = Assets.xcassets; sourceTree = "<group>"; };
		A27F17EB251244D600DC1ADE /* Base */ = {isa = PBXFileReference; lastKnownFileType = file.storyboard; name = Base; path = Base.lproj/LaunchScreen.storyboard; sourceTree = "<group>"; };
		A27F17ED251244D600DC1ADE /* Info.plist */ = {isa = PBXFileReference; lastKnownFileType = text.plist.xml; path = Info.plist; sourceTree = "<group>"; };
		A27F17F2251244D600DC1ADE /* aquiTemUmNomeTests.xctest */ = {isa = PBXFileReference; explicitFileType = wrapper.cfbundle; includeInIndex = 0; path = aquiTemUmNomeTests.xctest; sourceTree = BUILT_PRODUCTS_DIR; };
		A27F17F6251244D600DC1ADE /* aquiTemUmNomeTests.swift */ = {isa = PBXFileReference; lastKnownFileType = sourcecode.swift; path = aquiTemUmNomeTests.swift; sourceTree = "<group>"; };
		A27F17F8251244D600DC1ADE /* Info.plist */ = {isa = PBXFileReference; lastKnownFileType = text.plist.xml; path = Info.plist; sourceTree = "<group>"; };
		A27F17FD251244D600DC1ADE /* aquiTemUmNomeUITests.xctest */ = {isa = PBXFileReference; explicitFileType = wrapper.cfbundle; includeInIndex = 0; path = aquiTemUmNomeUITests.xctest; sourceTree = BUILT_PRODUCTS_DIR; };
		A27F1801251244D600DC1ADE /* aquiTemUmNomeUITests.swift */ = {isa = PBXFileReference; lastKnownFileType = sourcecode.swift; path = aquiTemUmNomeUITests.swift; sourceTree = "<group>"; };
		A27F1803251244D600DC1ADE /* Info.plist */ = {isa = PBXFileReference; lastKnownFileType = text.plist.xml; path = Info.plist; sourceTree = "<group>"; };
		A27F1811251247FE00DC1ADE /* VIew.swift */ = {isa = PBXFileReference; lastKnownFileType = sourcecode.swift; path = VIew.swift; sourceTree = "<group>"; };
		A27F18152512499F00DC1ADE /* ModelTest.swift */ = {isa = PBXFileReference; lastKnownFileType = sourcecode.swift; path = ModelTest.swift; sourceTree = "<group>"; };
		A27F1818251249DD00DC1ADE /* ProtocolTest.swift */ = {isa = PBXFileReference; lastKnownFileType = sourcecode.swift; path = ProtocolTest.swift; sourceTree = "<group>"; };
		A27F181B25124A0700DC1ADE /* AnimationTest.swift */ = {isa = PBXFileReference; lastKnownFileType = sourcecode.swift; path = AnimationTest.swift; sourceTree = "<group>"; };
		A27F181E25124A3500DC1ADE /* EnumTest.swift */ = {isa = PBXFileReference; lastKnownFileType = sourcecode.swift; path = EnumTest.swift; sourceTree = "<group>"; };
		A296C08A25138B1B005CC48E /* RoundedButton.swift */ = {isa = PBXFileReference; lastKnownFileType = sourcecode.swift; path = RoundedButton.swift; sourceTree = "<group>"; };
		A296C0B62513AC0E005CC48E /* ModalView.swift */ = {isa = PBXFileReference; lastKnownFileType = sourcecode.swift; path = ModalView.swift; sourceTree = "<group>"; };
		A2C34EC4251A303C002B73AB /* BoardManager.swift */ = {isa = PBXFileReference; lastKnownFileType = sourcecode.swift; path = BoardManager.swift; sourceTree = "<group>"; };
		A2C34EC9251A39DD002B73AB /* EnumObstacle.swift */ = {isa = PBXFileReference; lastKnownFileType = sourcecode.swift; path = EnumObstacle.swift; sourceTree = "<group>"; };
		A2C34ECE251A3E05002B73AB /* EnumDifficulty.swift */ = {isa = PBXFileReference; lastKnownFileType = sourcecode.swift; path = EnumDifficulty.swift; sourceTree = "<group>"; };
		D710261425138A71001B1199 /* GameScreenView.swift */ = {isa = PBXFileReference; lastKnownFileType = sourcecode.swift; path = GameScreenView.swift; sourceTree = "<group>"; };
		D710261D25138ADA001B1199 /* GameScreenViewController.swift */ = {isa = PBXFileReference; lastKnownFileType = sourcecode.swift; path = GameScreenViewController.swift; sourceTree = "<group>"; };
		D77072B82513999300619421 /* CharacterView.swift */ = {isa = PBXFileReference; lastKnownFileType = sourcecode.swift; path = CharacterView.swift; sourceTree = "<group>"; };
		D77072BD2513A29C00619421 /* ObstacleView.swift */ = {isa = PBXFileReference; lastKnownFileType = sourcecode.swift; path = ObstacleView.swift; sourceTree = "<group>"; };
		D77072C72514D6B900619421 /* ScoreView.swift */ = {isa = PBXFileReference; lastKnownFileType = sourcecode.swift; path = ScoreView.swift; sourceTree = "<group>"; };
		D77072CF2514D6D400619421 /* PauseView.swift */ = {isa = PBXFileReference; lastKnownFileType = sourcecode.swift; path = PauseView.swift; sourceTree = "<group>"; };
		D7CC15832518DA9100885807 /* PauseViewController.swift */ = {isa = PBXFileReference; lastKnownFileType = sourcecode.swift; path = PauseViewController.swift; sourceTree = "<group>"; };
/* End PBXFileReference section */

/* Begin PBXFrameworksBuildPhase section */
		A27F17D9251244D300DC1ADE /* Frameworks */ = {
			isa = PBXFrameworksBuildPhase;
			buildActionMask = 2147483647;
			files = (
			);
			runOnlyForDeploymentPostprocessing = 0;
		};
		A27F17EF251244D600DC1ADE /* Frameworks */ = {
			isa = PBXFrameworksBuildPhase;
			buildActionMask = 2147483647;
			files = (
			);
			runOnlyForDeploymentPostprocessing = 0;
		};
		A27F17FA251244D600DC1ADE /* Frameworks */ = {
			isa = PBXFrameworksBuildPhase;
			buildActionMask = 2147483647;
			files = (
			);
			runOnlyForDeploymentPostprocessing = 0;
		};
/* End PBXFrameworksBuildPhase section */

/* Begin PBXGroup section */
		542327A22513979000E9E691 /* Menu */ = {
			isa = PBXGroup;
			children = (
				5423279D25138B7D00E9E691 /* MenuViewController.swift */,
			);
			path = Menu;
			sourceTree = "<group>";
		};
		542327A3251397B400E9E691 /* Menu */ = {
			isa = PBXGroup;
			children = (
				5423279825138A4F00E9E691 /* MenuView.swift */,
			);
			path = Menu;
			sourceTree = "<group>";
		};
		6E4FC0FA251397AA00621BD1 /* Store */ = {
			isa = PBXGroup;
			children = (
				6E4FC0FC2513980C00621BD1 /* StoreView.swift */,
				6E415AC72518DA0A00542A38 /* StoreTableViewCell.swift */,
				6E415AC22514ED8800542A38 /* BoardCollectionViewCell.swift */,
				6E415B0A2519679F00542A38 /* ShapeCollectionViewCell.swift */,
			);
			path = Store;
			sourceTree = "<group>";
		};
		6E4FC0FB251397B700621BD1 /* Store */ = {
			isa = PBXGroup;
			children = (
				6E4FC1012513982400621BD1 /* StoreViewController.swift */,
			);
			path = Store;
			sourceTree = "<group>";
		};
		A27F17D3251244D300DC1ADE = {
			isa = PBXGroup;
			children = (
				A27F17DE251244D300DC1ADE /* aquiTemUmNome */,
				A27F17F5251244D600DC1ADE /* aquiTemUmNomeTests */,
				A27F1800251244D600DC1ADE /* aquiTemUmNomeUITests */,
				A27F17DD251244D300DC1ADE /* Products */,
			);
			sourceTree = "<group>";
		};
		A27F17DD251244D300DC1ADE /* Products */ = {
			isa = PBXGroup;
			children = (
				A27F17DC251244D300DC1ADE /* aquiTemUmNome.app */,
				A27F17F2251244D600DC1ADE /* aquiTemUmNomeTests.xctest */,
				A27F17FD251244D600DC1ADE /* aquiTemUmNomeUITests.xctest */,
			);
			name = Products;
			sourceTree = "<group>";
		};
		A27F17DE251244D300DC1ADE /* aquiTemUmNome */ = {
			isa = PBXGroup;
			children = (
				A2C34EC3251A3000002B73AB /* Managers */,
				A27F181D25124A1600DC1ADE /* Enum */,
				A27F181A251249F300DC1ADE /* Extensions */,
				A27F1817251249C900DC1ADE /* Protocols */,
				A27F18142512498E00DC1ADE /* Model */,
				A27F1810251247DB00DC1ADE /* Controllers */,
				A27F180F251247CE00DC1ADE /* View */,
				A27F17DF251244D300DC1ADE /* AppDelegate.swift */,
				A27F17E1251244D300DC1ADE /* SceneDelegate.swift */,
				A27F17E8251244D600DC1ADE /* Assets.xcassets */,
				A27F17EA251244D600DC1ADE /* LaunchScreen.storyboard */,
				A27F17ED251244D600DC1ADE /* Info.plist */,
			);
			path = aquiTemUmNome;
			sourceTree = "<group>";
		};
		A27F17F5251244D600DC1ADE /* aquiTemUmNomeTests */ = {
			isa = PBXGroup;
			children = (
				A27F17F6251244D600DC1ADE /* aquiTemUmNomeTests.swift */,
				A27F17F8251244D600DC1ADE /* Info.plist */,
			);
			path = aquiTemUmNomeTests;
			sourceTree = "<group>";
		};
		A27F1800251244D600DC1ADE /* aquiTemUmNomeUITests */ = {
			isa = PBXGroup;
			children = (
				A27F1801251244D600DC1ADE /* aquiTemUmNomeUITests.swift */,
				A27F1803251244D600DC1ADE /* Info.plist */,
			);
			path = aquiTemUmNomeUITests;
			sourceTree = "<group>";
		};
		A27F180F251247CE00DC1ADE /* View */ = {
			isa = PBXGroup;
			children = (
				D710261325138A05001B1199 /* Game */,
				6E4FC0FA251397AA00621BD1 /* Store */,
				A296C0B52513ABD5005CC48E /* Components */,
				542327A3251397B400E9E691 /* Menu */,
				A27F1811251247FE00DC1ADE /* VIew.swift */,
			);
			path = View;
			sourceTree = "<group>";
		};
		A27F1810251247DB00DC1ADE /* Controllers */ = {
			isa = PBXGroup;
			children = (
				D710261C25138A7E001B1199 /* Game */,
				6E4FC0FB251397B700621BD1 /* Store */,
				542327A22513979000E9E691 /* Menu */,
				A27F17E3251244D300DC1ADE /* ViewController.swift */,
			);
			path = Controllers;
			sourceTree = "<group>";
		};
		A27F18142512498E00DC1ADE /* Model */ = {
			isa = PBXGroup;
			children = (
				A27F18152512499F00DC1ADE /* ModelTest.swift */,
				6EC94FDE251385EC003FED4B /* ColorPallette.swift */,
				6E4FC0EF251391F900621BD1 /* Pallettes.swift */,
				6E415B1225196A6100542A38 /* Shape.swift */,
				6E415B17251971A100542A38 /* Shapes.swift */,
			);
			path = Model;
			sourceTree = "<group>";
		};
		A27F1817251249C900DC1ADE /* Protocols */ = {
			isa = PBXGroup;
			children = (
				A27F1818251249DD00DC1ADE /* ProtocolTest.swift */,
			);
			path = Protocols;
			sourceTree = "<group>";
		};
		A27F181A251249F300DC1ADE /* Extensions */ = {
			isa = PBXGroup;
			children = (
				A27F181B25124A0700DC1ADE /* AnimationTest.swift */,
				A296C08A25138B1B005CC48E /* RoundedButton.swift */,
				545F807F2514FCE3006B209A /* MenuButtonAnimation.swift */,
			);
			path = Extensions;
			sourceTree = "<group>";
		};
		A27F181D25124A1600DC1ADE /* Enum */ = {
			isa = PBXGroup;
			children = (
				A27F181E25124A3500DC1ADE /* EnumTest.swift */,
				6EC94FE32513861A003FED4B /* EnumColorType.swift */,
				A24010912518DE10004D80C3 /* EnumCircleAnimation.swift */,
				A2C34EC9251A39DD002B73AB /* EnumObstacle.swift */,
				A2C34ECE251A3E05002B73AB /* EnumDifficulty.swift */,
			);
			path = Enum;
			sourceTree = "<group>";
		};
		A296C0B52513ABD5005CC48E /* Components */ = {
			isa = PBXGroup;
			children = (
				A296C0B62513AC0E005CC48E /* ModalView.swift */,
				A25692BA2514F49200BEBAEB /* AnimatedCircleView.swift */,
			);
			path = Components;
			sourceTree = "<group>";
		};
		A2C34EC3251A3000002B73AB /* Managers */ = {
			isa = PBXGroup;
			children = (
				A2C34EC4251A303C002B73AB /* BoardManager.swift */,
			);
			path = Managers;
			sourceTree = "<group>";
		};
		D710261325138A05001B1199 /* Game */ = {
			isa = PBXGroup;
			children = (
				D710261425138A71001B1199 /* GameScreenView.swift */,
				D77072B82513999300619421 /* CharacterView.swift */,
				D77072BD2513A29C00619421 /* ObstacleView.swift */,
				D77072C72514D6B900619421 /* ScoreView.swift */,
				D77072CF2514D6D400619421 /* PauseView.swift */,
			);
			path = Game;
			sourceTree = "<group>";
		};
		D710261C25138A7E001B1199 /* Game */ = {
			isa = PBXGroup;
			children = (
				D710261D25138ADA001B1199 /* GameScreenViewController.swift */,
				D7CC15832518DA9100885807 /* PauseViewController.swift */,
			);
			path = Game;
			sourceTree = "<group>";
		};
/* End PBXGroup section */

/* Begin PBXNativeTarget section */
		A27F17DB251244D300DC1ADE /* aquiTemUmNome */ = {
			isa = PBXNativeTarget;
			buildConfigurationList = A27F1806251244D600DC1ADE /* Build configuration list for PBXNativeTarget "aquiTemUmNome" */;
			buildPhases = (
				A27F17D8251244D300DC1ADE /* Sources */,
				A27F17D9251244D300DC1ADE /* Frameworks */,
				A27F17DA251244D300DC1ADE /* Resources */,
				A27F182025124AB400DC1ADE /* ShellScript */,
			);
			buildRules = (
			);
			dependencies = (
			);
			name = aquiTemUmNome;
			productName = aquiTemUmNome;
			productReference = A27F17DC251244D300DC1ADE /* aquiTemUmNome.app */;
			productType = "com.apple.product-type.application";
		};
		A27F17F1251244D600DC1ADE /* aquiTemUmNomeTests */ = {
			isa = PBXNativeTarget;
			buildConfigurationList = A27F1809251244D600DC1ADE /* Build configuration list for PBXNativeTarget "aquiTemUmNomeTests" */;
			buildPhases = (
				A27F17EE251244D600DC1ADE /* Sources */,
				A27F17EF251244D600DC1ADE /* Frameworks */,
				A27F17F0251244D600DC1ADE /* Resources */,
			);
			buildRules = (
			);
			dependencies = (
				A27F17F4251244D600DC1ADE /* PBXTargetDependency */,
			);
			name = aquiTemUmNomeTests;
			productName = aquiTemUmNomeTests;
			productReference = A27F17F2251244D600DC1ADE /* aquiTemUmNomeTests.xctest */;
			productType = "com.apple.product-type.bundle.unit-test";
		};
		A27F17FC251244D600DC1ADE /* aquiTemUmNomeUITests */ = {
			isa = PBXNativeTarget;
			buildConfigurationList = A27F180C251244D600DC1ADE /* Build configuration list for PBXNativeTarget "aquiTemUmNomeUITests" */;
			buildPhases = (
				A27F17F9251244D600DC1ADE /* Sources */,
				A27F17FA251244D600DC1ADE /* Frameworks */,
				A27F17FB251244D600DC1ADE /* Resources */,
			);
			buildRules = (
			);
			dependencies = (
				A27F17FF251244D600DC1ADE /* PBXTargetDependency */,
			);
			name = aquiTemUmNomeUITests;
			productName = aquiTemUmNomeUITests;
			productReference = A27F17FD251244D600DC1ADE /* aquiTemUmNomeUITests.xctest */;
			productType = "com.apple.product-type.bundle.ui-testing";
		};
/* End PBXNativeTarget section */

/* Begin PBXProject section */
		A27F17D4251244D300DC1ADE /* Project object */ = {
			isa = PBXProject;
			attributes = {
				LastSwiftUpdateCheck = 1170;
				LastUpgradeCheck = 1200;
				ORGANIZATIONNAME = aquiTemUmNomeOrganization;
				TargetAttributes = {
					A27F17DB251244D300DC1ADE = {
						CreatedOnToolsVersion = 11.7;
					};
					A27F17F1251244D600DC1ADE = {
						CreatedOnToolsVersion = 11.7;
						TestTargetID = A27F17DB251244D300DC1ADE;
					};
					A27F17FC251244D600DC1ADE = {
						CreatedOnToolsVersion = 11.7;
						TestTargetID = A27F17DB251244D300DC1ADE;
					};
				};
			};
			buildConfigurationList = A27F17D7251244D300DC1ADE /* Build configuration list for PBXProject "aquiTemUmNome" */;
			compatibilityVersion = "Xcode 9.3";
			developmentRegion = en;
			hasScannedForEncodings = 0;
			knownRegions = (
				en,
				Base,
			);
			mainGroup = A27F17D3251244D300DC1ADE;
			productRefGroup = A27F17DD251244D300DC1ADE /* Products */;
			projectDirPath = "";
			projectRoot = "";
			targets = (
				A27F17DB251244D300DC1ADE /* aquiTemUmNome */,
				A27F17F1251244D600DC1ADE /* aquiTemUmNomeTests */,
				A27F17FC251244D600DC1ADE /* aquiTemUmNomeUITests */,
			);
		};
/* End PBXProject section */

/* Begin PBXResourcesBuildPhase section */
		A27F17DA251244D300DC1ADE /* Resources */ = {
			isa = PBXResourcesBuildPhase;
			buildActionMask = 2147483647;
			files = (
				A27F17EC251244D600DC1ADE /* LaunchScreen.storyboard in Resources */,
				A27F17E9251244D600DC1ADE /* Assets.xcassets in Resources */,
			);
			runOnlyForDeploymentPostprocessing = 0;
		};
		A27F17F0251244D600DC1ADE /* Resources */ = {
			isa = PBXResourcesBuildPhase;
			buildActionMask = 2147483647;
			files = (
			);
			runOnlyForDeploymentPostprocessing = 0;
		};
		A27F17FB251244D600DC1ADE /* Resources */ = {
			isa = PBXResourcesBuildPhase;
			buildActionMask = 2147483647;
			files = (
			);
			runOnlyForDeploymentPostprocessing = 0;
		};
/* End PBXResourcesBuildPhase section */

/* Begin PBXShellScriptBuildPhase section */
		A27F182025124AB400DC1ADE /* ShellScript */ = {
			isa = PBXShellScriptBuildPhase;
			buildActionMask = 2147483647;
			files = (
			);
			inputFileListPaths = (
			);
			inputPaths = (
			);
			outputFileListPaths = (
			);
			outputPaths = (
			);
			runOnlyForDeploymentPostprocessing = 0;
			shellPath = /bin/sh;
			shellScript = "if which swiftlint >/dev/null; then\n  swiftlint\nelse\n  echo \"warning: SwiftLint not installed, download from https://github.com/realm/SwiftLint\"\nfi\n";
		};
/* End PBXShellScriptBuildPhase section */

/* Begin PBXSourcesBuildPhase section */
		A27F17D8251244D300DC1ADE /* Sources */ = {
			isa = PBXSourcesBuildPhase;
			buildActionMask = 2147483647;
			files = (
				D710261E25138ADA001B1199 /* GameScreenViewController.swift in Sources */,
				D77072BE2513A29C00619421 /* ObstacleView.swift in Sources */,
				6E415B0B2519679F00542A38 /* ShapeCollectionViewCell.swift in Sources */,
				6E415AC32514ED8800542A38 /* BoardCollectionViewCell.swift in Sources */,
				6EC94FE42513861A003FED4B /* EnumColorType.swift in Sources */,
				6E415B1325196A6100542A38 /* Shape.swift in Sources */,
				A27F1812251247FE00DC1ADE /* VIew.swift in Sources */,
				5423279E25138B7D00E9E691 /* MenuViewController.swift in Sources */,
				A25692BB2514F49200BEBAEB /* AnimatedCircleView.swift in Sources */,
				A2C34ECA251A39DD002B73AB /* EnumObstacle.swift in Sources */,
				A27F181C25124A0700DC1ADE /* AnimationTest.swift in Sources */,
				D710261525138A71001B1199 /* GameScreenView.swift in Sources */,
				D77072B92513999300619421 /* CharacterView.swift in Sources */,
				A27F1819251249DD00DC1ADE /* ProtocolTest.swift in Sources */,
				6EC94FDF251385EC003FED4B /* ColorPallette.swift in Sources */,
				545F80802514FCE3006B209A /* MenuButtonAnimation.swift in Sources */,
				A27F17E4251244D300DC1ADE /* ViewController.swift in Sources */,
				D7CC15842518DA9100885807 /* PauseViewController.swift in Sources */,
				A2C34EC5251A303C002B73AB /* BoardManager.swift in Sources */,
				6E4FC1022513982400621BD1 /* StoreViewController.swift in Sources */,
				6E415B18251971A100542A38 /* Shapes.swift in Sources */,
				6E415AC82518DA0A00542A38 /* StoreTableViewCell.swift in Sources */,
				5423279925138A4F00E9E691 /* MenuView.swift in Sources */,
				A296C08B25138B1B005CC48E /* RoundedButton.swift in Sources */,
				A27F17E0251244D300DC1ADE /* AppDelegate.swift in Sources */,
				A24010922518DE10004D80C3 /* EnumCircleAnimation.swift in Sources */,
				A296C0B72513AC0E005CC48E /* ModalView.swift in Sources */,
				A27F18162512499F00DC1ADE /* ModelTest.swift in Sources */,
				D77072C82514D6B900619421 /* ScoreView.swift in Sources */,
				A27F181F25124A3500DC1ADE /* EnumTest.swift in Sources */,
				A2C34ECF251A3E05002B73AB /* EnumDifficulty.swift in Sources */,
				6E4FC0F0251391F900621BD1 /* Pallettes.swift in Sources */,
				6E4FC0FD2513980C00621BD1 /* StoreView.swift in Sources */,
				A27F17E2251244D300DC1ADE /* SceneDelegate.swift in Sources */,
				D77072D02514D6D400619421 /* PauseView.swift in Sources */,
			);
			runOnlyForDeploymentPostprocessing = 0;
		};
		A27F17EE251244D600DC1ADE /* Sources */ = {
			isa = PBXSourcesBuildPhase;
			buildActionMask = 2147483647;
			files = (
				A27F17F7251244D600DC1ADE /* aquiTemUmNomeTests.swift in Sources */,
			);
			runOnlyForDeploymentPostprocessing = 0;
		};
		A27F17F9251244D600DC1ADE /* Sources */ = {
			isa = PBXSourcesBuildPhase;
			buildActionMask = 2147483647;
			files = (
				A27F1802251244D600DC1ADE /* aquiTemUmNomeUITests.swift in Sources */,
			);
			runOnlyForDeploymentPostprocessing = 0;
		};
/* End PBXSourcesBuildPhase section */

/* Begin PBXTargetDependency section */
		A27F17F4251244D600DC1ADE /* PBXTargetDependency */ = {
			isa = PBXTargetDependency;
			target = A27F17DB251244D300DC1ADE /* aquiTemUmNome */;
			targetProxy = A27F17F3251244D600DC1ADE /* PBXContainerItemProxy */;
		};
		A27F17FF251244D600DC1ADE /* PBXTargetDependency */ = {
			isa = PBXTargetDependency;
			target = A27F17DB251244D300DC1ADE /* aquiTemUmNome */;
			targetProxy = A27F17FE251244D600DC1ADE /* PBXContainerItemProxy */;
		};
/* End PBXTargetDependency section */

/* Begin PBXVariantGroup section */
		A27F17EA251244D600DC1ADE /* LaunchScreen.storyboard */ = {
			isa = PBXVariantGroup;
			children = (
				A27F17EB251244D600DC1ADE /* Base */,
			);
			name = LaunchScreen.storyboard;
			sourceTree = "<group>";
		};
/* End PBXVariantGroup section */

/* Begin XCBuildConfiguration section */
		A27F1804251244D600DC1ADE /* Debug */ = {
			isa = XCBuildConfiguration;
			buildSettings = {
				ALWAYS_SEARCH_USER_PATHS = NO;
				CLANG_ANALYZER_NONNULL = YES;
				CLANG_ANALYZER_NUMBER_OBJECT_CONVERSION = YES_AGGRESSIVE;
				CLANG_CXX_LANGUAGE_STANDARD = "gnu++14";
				CLANG_CXX_LIBRARY = "libc++";
				CLANG_ENABLE_MODULES = YES;
				CLANG_ENABLE_OBJC_ARC = YES;
				CLANG_ENABLE_OBJC_WEAK = YES;
				CLANG_WARN_BLOCK_CAPTURE_AUTORELEASING = YES;
				CLANG_WARN_BOOL_CONVERSION = YES;
				CLANG_WARN_COMMA = YES;
				CLANG_WARN_CONSTANT_CONVERSION = YES;
				CLANG_WARN_DEPRECATED_OBJC_IMPLEMENTATIONS = YES;
				CLANG_WARN_DIRECT_OBJC_ISA_USAGE = YES_ERROR;
				CLANG_WARN_DOCUMENTATION_COMMENTS = YES;
				CLANG_WARN_EMPTY_BODY = YES;
				CLANG_WARN_ENUM_CONVERSION = YES;
				CLANG_WARN_INFINITE_RECURSION = YES;
				CLANG_WARN_INT_CONVERSION = YES;
				CLANG_WARN_NON_LITERAL_NULL_CONVERSION = YES;
				CLANG_WARN_OBJC_IMPLICIT_RETAIN_SELF = YES;
				CLANG_WARN_OBJC_LITERAL_CONVERSION = YES;
				CLANG_WARN_OBJC_ROOT_CLASS = YES_ERROR;
				CLANG_WARN_QUOTED_INCLUDE_IN_FRAMEWORK_HEADER = YES;
				CLANG_WARN_RANGE_LOOP_ANALYSIS = YES;
				CLANG_WARN_STRICT_PROTOTYPES = YES;
				CLANG_WARN_SUSPICIOUS_MOVE = YES;
				CLANG_WARN_UNGUARDED_AVAILABILITY = YES_AGGRESSIVE;
				CLANG_WARN_UNREACHABLE_CODE = YES;
				CLANG_WARN__DUPLICATE_METHOD_MATCH = YES;
				COPY_PHASE_STRIP = NO;
				DEBUG_INFORMATION_FORMAT = dwarf;
				ENABLE_STRICT_OBJC_MSGSEND = YES;
				ENABLE_TESTABILITY = YES;
				GCC_C_LANGUAGE_STANDARD = gnu11;
				GCC_DYNAMIC_NO_PIC = NO;
				GCC_NO_COMMON_BLOCKS = YES;
				GCC_OPTIMIZATION_LEVEL = 0;
				GCC_PREPROCESSOR_DEFINITIONS = (
					"DEBUG=1",
					"$(inherited)",
				);
				GCC_WARN_64_TO_32_BIT_CONVERSION = YES;
				GCC_WARN_ABOUT_RETURN_TYPE = YES_ERROR;
				GCC_WARN_UNDECLARED_SELECTOR = YES;
				GCC_WARN_UNINITIALIZED_AUTOS = YES_AGGRESSIVE;
				GCC_WARN_UNUSED_FUNCTION = YES;
				GCC_WARN_UNUSED_VARIABLE = YES;
				IPHONEOS_DEPLOYMENT_TARGET = 14.0;
				MTL_ENABLE_DEBUG_INFO = INCLUDE_SOURCE;
				MTL_FAST_MATH = YES;
				ONLY_ACTIVE_ARCH = YES;
				SDKROOT = iphoneos;
				SWIFT_ACTIVE_COMPILATION_CONDITIONS = DEBUG;
				SWIFT_OPTIMIZATION_LEVEL = "-Onone";
			};
			name = Debug;
		};
		A27F1805251244D600DC1ADE /* Release */ = {
			isa = XCBuildConfiguration;
			buildSettings = {
				ALWAYS_SEARCH_USER_PATHS = NO;
				CLANG_ANALYZER_NONNULL = YES;
				CLANG_ANALYZER_NUMBER_OBJECT_CONVERSION = YES_AGGRESSIVE;
				CLANG_CXX_LANGUAGE_STANDARD = "gnu++14";
				CLANG_CXX_LIBRARY = "libc++";
				CLANG_ENABLE_MODULES = YES;
				CLANG_ENABLE_OBJC_ARC = YES;
				CLANG_ENABLE_OBJC_WEAK = YES;
				CLANG_WARN_BLOCK_CAPTURE_AUTORELEASING = YES;
				CLANG_WARN_BOOL_CONVERSION = YES;
				CLANG_WARN_COMMA = YES;
				CLANG_WARN_CONSTANT_CONVERSION = YES;
				CLANG_WARN_DEPRECATED_OBJC_IMPLEMENTATIONS = YES;
				CLANG_WARN_DIRECT_OBJC_ISA_USAGE = YES_ERROR;
				CLANG_WARN_DOCUMENTATION_COMMENTS = YES;
				CLANG_WARN_EMPTY_BODY = YES;
				CLANG_WARN_ENUM_CONVERSION = YES;
				CLANG_WARN_INFINITE_RECURSION = YES;
				CLANG_WARN_INT_CONVERSION = YES;
				CLANG_WARN_NON_LITERAL_NULL_CONVERSION = YES;
				CLANG_WARN_OBJC_IMPLICIT_RETAIN_SELF = YES;
				CLANG_WARN_OBJC_LITERAL_CONVERSION = YES;
				CLANG_WARN_OBJC_ROOT_CLASS = YES_ERROR;
				CLANG_WARN_QUOTED_INCLUDE_IN_FRAMEWORK_HEADER = YES;
				CLANG_WARN_RANGE_LOOP_ANALYSIS = YES;
				CLANG_WARN_STRICT_PROTOTYPES = YES;
				CLANG_WARN_SUSPICIOUS_MOVE = YES;
				CLANG_WARN_UNGUARDED_AVAILABILITY = YES_AGGRESSIVE;
				CLANG_WARN_UNREACHABLE_CODE = YES;
				CLANG_WARN__DUPLICATE_METHOD_MATCH = YES;
				COPY_PHASE_STRIP = NO;
				DEBUG_INFORMATION_FORMAT = "dwarf-with-dsym";
				ENABLE_NS_ASSERTIONS = NO;
				ENABLE_STRICT_OBJC_MSGSEND = YES;
				GCC_C_LANGUAGE_STANDARD = gnu11;
				GCC_NO_COMMON_BLOCKS = YES;
				GCC_WARN_64_TO_32_BIT_CONVERSION = YES;
				GCC_WARN_ABOUT_RETURN_TYPE = YES_ERROR;
				GCC_WARN_UNDECLARED_SELECTOR = YES;
				GCC_WARN_UNINITIALIZED_AUTOS = YES_AGGRESSIVE;
				GCC_WARN_UNUSED_FUNCTION = YES;
				GCC_WARN_UNUSED_VARIABLE = YES;
				IPHONEOS_DEPLOYMENT_TARGET = 14.0;
				MTL_ENABLE_DEBUG_INFO = NO;
				MTL_FAST_MATH = YES;
				SDKROOT = iphoneos;
				SWIFT_COMPILATION_MODE = wholemodule;
				SWIFT_OPTIMIZATION_LEVEL = "-O";
				VALIDATE_PRODUCT = YES;
			};
			name = Release;
		};
		A27F1807251244D600DC1ADE /* Debug */ = {
			isa = XCBuildConfiguration;
			buildSettings = {
				ASSETCATALOG_COMPILER_APPICON_NAME = AppIcon;
				CODE_SIGN_STYLE = Automatic;
				DEVELOPMENT_TEAM = "";
				INFOPLIST_FILE = aquiTemUmNome/Info.plist;
				IPHONEOS_DEPLOYMENT_TARGET = 14.0;
				LD_RUNPATH_SEARCH_PATHS = (
					"$(inherited)",
					"@executable_path/Frameworks",
				);
				PRODUCT_BUNDLE_IDENTIFIER = aquiTemUmNome.aquiTemUmNome;
				PRODUCT_NAME = "$(TARGET_NAME)";
				SWIFT_VERSION = 5.0;
				TARGETED_DEVICE_FAMILY = 1;
			};
			name = Debug;
		};
		A27F1808251244D600DC1ADE /* Release */ = {
			isa = XCBuildConfiguration;
			buildSettings = {
				ASSETCATALOG_COMPILER_APPICON_NAME = AppIcon;
				CODE_SIGN_STYLE = Automatic;
				DEVELOPMENT_TEAM = "";
				INFOPLIST_FILE = aquiTemUmNome/Info.plist;
				IPHONEOS_DEPLOYMENT_TARGET = 14.0;
				LD_RUNPATH_SEARCH_PATHS = (
					"$(inherited)",
					"@executable_path/Frameworks",
				);
				PRODUCT_BUNDLE_IDENTIFIER = aquiTemUmNome.aquiTemUmNome;
				PRODUCT_NAME = "$(TARGET_NAME)";
				SWIFT_VERSION = 5.0;
				TARGETED_DEVICE_FAMILY = 1;
			};
			name = Release;
		};
		A27F180A251244D600DC1ADE /* Debug */ = {
			isa = XCBuildConfiguration;
			buildSettings = {
				ALWAYS_EMBED_SWIFT_STANDARD_LIBRARIES = YES;
				BUNDLE_LOADER = "$(TEST_HOST)";
				CODE_SIGN_STYLE = Automatic;
				INFOPLIST_FILE = aquiTemUmNomeTests/Info.plist;
				IPHONEOS_DEPLOYMENT_TARGET = 13.7;
				LD_RUNPATH_SEARCH_PATHS = (
					"$(inherited)",
					"@executable_path/Frameworks",
					"@loader_path/Frameworks",
				);
				PRODUCT_BUNDLE_IDENTIFIER = aquiTemUmNome.aquiTemUmNomeTests;
				PRODUCT_NAME = "$(TARGET_NAME)";
				SWIFT_VERSION = 5.0;
				TARGETED_DEVICE_FAMILY = "1,2";
				TEST_HOST = "$(BUILT_PRODUCTS_DIR)/aquiTemUmNome.app/aquiTemUmNome";
			};
			name = Debug;
		};
		A27F180B251244D600DC1ADE /* Release */ = {
			isa = XCBuildConfiguration;
			buildSettings = {
				ALWAYS_EMBED_SWIFT_STANDARD_LIBRARIES = YES;
				BUNDLE_LOADER = "$(TEST_HOST)";
				CODE_SIGN_STYLE = Automatic;
				INFOPLIST_FILE = aquiTemUmNomeTests/Info.plist;
				IPHONEOS_DEPLOYMENT_TARGET = 13.7;
				LD_RUNPATH_SEARCH_PATHS = (
					"$(inherited)",
					"@executable_path/Frameworks",
					"@loader_path/Frameworks",
				);
				PRODUCT_BUNDLE_IDENTIFIER = aquiTemUmNome.aquiTemUmNomeTests;
				PRODUCT_NAME = "$(TARGET_NAME)";
				SWIFT_VERSION = 5.0;
				TARGETED_DEVICE_FAMILY = "1,2";
				TEST_HOST = "$(BUILT_PRODUCTS_DIR)/aquiTemUmNome.app/aquiTemUmNome";
			};
			name = Release;
		};
		A27F180D251244D600DC1ADE /* Debug */ = {
			isa = XCBuildConfiguration;
			buildSettings = {
				ALWAYS_EMBED_SWIFT_STANDARD_LIBRARIES = YES;
				CODE_SIGN_STYLE = Automatic;
				INFOPLIST_FILE = aquiTemUmNomeUITests/Info.plist;
				LD_RUNPATH_SEARCH_PATHS = (
					"$(inherited)",
					"@executable_path/Frameworks",
					"@loader_path/Frameworks",
				);
				PRODUCT_BUNDLE_IDENTIFIER = aquiTemUmNome.aquiTemUmNomeUITests;
				PRODUCT_NAME = "$(TARGET_NAME)";
				SWIFT_VERSION = 5.0;
				TARGETED_DEVICE_FAMILY = "1,2";
				TEST_TARGET_NAME = aquiTemUmNome;
			};
			name = Debug;
		};
		A27F180E251244D600DC1ADE /* Release */ = {
			isa = XCBuildConfiguration;
			buildSettings = {
				ALWAYS_EMBED_SWIFT_STANDARD_LIBRARIES = YES;
				CODE_SIGN_STYLE = Automatic;
				INFOPLIST_FILE = aquiTemUmNomeUITests/Info.plist;
				LD_RUNPATH_SEARCH_PATHS = (
					"$(inherited)",
					"@executable_path/Frameworks",
					"@loader_path/Frameworks",
				);
				PRODUCT_BUNDLE_IDENTIFIER = aquiTemUmNome.aquiTemUmNomeUITests;
				PRODUCT_NAME = "$(TARGET_NAME)";
				SWIFT_VERSION = 5.0;
				TARGETED_DEVICE_FAMILY = "1,2";
				TEST_TARGET_NAME = aquiTemUmNome;
			};
			name = Release;
		};
/* End XCBuildConfiguration section */

/* Begin XCConfigurationList section */
		A27F17D7251244D300DC1ADE /* Build configuration list for PBXProject "aquiTemUmNome" */ = {
			isa = XCConfigurationList;
			buildConfigurations = (
				A27F1804251244D600DC1ADE /* Debug */,
				A27F1805251244D600DC1ADE /* Release */,
			);
			defaultConfigurationIsVisible = 0;
			defaultConfigurationName = Release;
		};
		A27F1806251244D600DC1ADE /* Build configuration list for PBXNativeTarget "aquiTemUmNome" */ = {
			isa = XCConfigurationList;
			buildConfigurations = (
				A27F1807251244D600DC1ADE /* Debug */,
				A27F1808251244D600DC1ADE /* Release */,
			);
			defaultConfigurationIsVisible = 0;
			defaultConfigurationName = Release;
		};
		A27F1809251244D600DC1ADE /* Build configuration list for PBXNativeTarget "aquiTemUmNomeTests" */ = {
			isa = XCConfigurationList;
			buildConfigurations = (
				A27F180A251244D600DC1ADE /* Debug */,
				A27F180B251244D600DC1ADE /* Release */,
			);
			defaultConfigurationIsVisible = 0;
			defaultConfigurationName = Release;
		};
		A27F180C251244D600DC1ADE /* Build configuration list for PBXNativeTarget "aquiTemUmNomeUITests" */ = {
			isa = XCConfigurationList;
			buildConfigurations = (
				A27F180D251244D600DC1ADE /* Debug */,
				A27F180E251244D600DC1ADE /* Release */,
			);
			defaultConfigurationIsVisible = 0;
			defaultConfigurationName = Release;
		};
/* End XCConfigurationList section */
	};
	rootObject = A27F17D4251244D300DC1ADE /* Project object */;
}
